
Microsoft Visual Studio Solution File, Format Version 12.00
# Visual Studio Version 17
VisualStudioVersion = 17.8.34330.188
MinimumVisualStudioVersion = 10.0.40219.1
Project("{FAE04EC0-301F-11D3-BF4B-00C04F79EFBC}") = "Homework 18", "Homework 18\Homework 18.csproj", "{963176EA-2395-4476-BE61-2588EFB3A690}"
EndProject
Global
	GlobalSection(SolutionConfigurationPlatforms) = preSolution
		Debug|Any CPU = Debug|Any CPU
		Release|Any CPU = Release|Any CPU
	EndGlobalSection
	GlobalSection(ProjectConfigurationPlatforms) = postSolution
		{963176EA-2395-4476-BE61-2588EFB3A690}.Debug|Any CPU.ActiveCfg = Debug|Any CPU
		{963176EA-2395-4476-BE61-2588EFB3A690}.Debug|Any CPU.Build.0 = Debug|Any CPU
		{963176EA-2395-4476-BE61-2588EFB3A690}.Release|Any CPU.ActiveCfg = Release|Any CPU
		{963176EA-2395-4476-BE61-2588EFB3A690}.Release|Any CPU.Build.0 = Release|Any CPU
	EndGlobalSection
	GlobalSection(SolutionProperties) = preSolution
		HideSolutionNode = FALSE
	EndGlobalSection
	GlobalSection(ExtensibilityGlobals) = postSolution
		SolutionGuid = {F25FA00C-22EB-4404-9DB4-17FCB956B85E}
	EndGlobalSection
EndGlobal
